
Microsoft Visual Studio Solution File, Format Version 12.00
# Visual Studio Version 18
VisualStudioVersion = 18.0.11018.127
MinimumVisualStudioVersion = 10.0.40219.1
Project("{2150E333-8FDC-42A3-9474-1A3956D46DE8}") = "src", "src", "{02EA681E-C7D8-13C7-8484-4AC65E1B71E8}"
EndProject
Project("{FAE04EC0-301F-11D3-BF4B-00C04F79EFBC}") = "HMS.Api", "HMS.Api\HMS.Api.csproj", "{CD2FEBF7-36C1-4285-B1EE-F3BCED622AA9}"
EndProject
Project("{2150E333-8FDC-42A3-9474-1A3956D46DE8}") = "tests", "tests", "{EC2E14A3-42E0-4840-AD06-F523318674A3}"
EndProject
Project("{FAE04EC0-301F-11D3-BF4B-00C04F79EFBC}") = "HMS.Reporting", "HMS.Reporting\HMS.Reporting.csproj", "{66A83DB7-1CFD-40CC-B5A4-F79FF2F35C59}"
EndProject
Project("{FAE04EC0-301F-11D3-BF4B-00C04F79EFBC}") = "HMS.Dashboards", "HMS.Dashboards\HMS.Dashboards.csproj", "{047055C8-8E90-403D-94BE-D0AF36B1E4EB}"
EndProject
Project("{FAE04EC0-301F-11D3-BF4B-00C04F79EFBC}") = "HMS.SharedKernel", "HMS.SharedKernel\HMS.SharedKernel.csproj", "{C98AE723-0594-4373-A43D-9E68E1866553}"
EndProject
Project("{FAE04EC0-301F-11D3-BF4B-00C04F79EFBC}") = "HMS.SharedServices", "HMS.SharedServices\HMS.SharedServices.csproj", "{6984EA79-BC49-49AC-AC26-25E966A534C4}"
EndProject
Project("{FAE04EC0-301F-11D3-BF4B-00C04F79EFBC}") = "HMS.Sdk", "HMS.Sdk\HMS.Sdk.csproj", "{04A4DA39-B292-4A09-8152-CE8B7E34F937}"
EndProject
Project("{FAE04EC0-301F-11D3-BF4B-00C04F79EFBC}") = "HMS.Background", "HMS.Background\HMS.Background.csproj", "{553618A8-E113-445B-BCC7-F1501A321007}"
EndProject
Project("{FAE04EC0-301F-11D3-BF4B-00C04F79EFBC}") = "HMS.Module.Patient", "HMS.Module.Patient\HMS.Module.Patient.csproj", "{DB86822E-3516-41BC-A3B6-AA9C5495EAF3}"
EndProject
Project("{FAE04EC0-301F-11D3-BF4B-00C04F79EFBC}") = "HMS.Module.Appointment", "HMS.Module.Appointment\HMS.Module.Appointment.csproj", "{8E4A2DDF-CA8F-41FF-BC4F-7BE4FEB55E50}"
EndProject
Project("{FAE04EC0-301F-11D3-BF4B-00C04F79EFBC}") = "HMS.Core", "HMS.Core\HMS.Core.csproj", "{929F6EBC-74BF-48C0-9282-BD98C5BCB558}"
EndProject
Project("{FAE04EC0-301F-11D3-BF4B-00C04F79EFBC}") = "HMS.Module.Admission", "HMS.Module.Admission\HMS.Module.Admission.csproj", "{7A02CA6D-9538-49BF-A11B-859BE28CBF10}"
EndProject
Project("{FAE04EC0-301F-11D3-BF4B-00C04F79EFBC}") = "HMS.Module.Doctor", "HMS.Module.Doctor\HMS.Module.Doctor.csproj", "{18E78736-5CA1-4979-B527-D78C3E57B983}"
EndProject
Project("{FAE04EC0-301F-11D3-BF4B-00C04F79EFBC}") = "HMS.Module.Lab", "HMS.Module.Lab\HMS.Module.Lab.csproj", "{293840AF-58E1-4FC5-B714-1F4833730ADB}"
EndProject
Project("{FAE04EC0-301F-11D3-BF4B-00C04F79EFBC}") = "HMS.Communication", "HMS.Communication\HMS.Communication.csproj", "{FFED845E-45C5-496A-9358-9C61CBC88533}"
EndProject
Project("{FAE04EC0-301F-11D3-BF4B-00C04F79EFBC}") = "HMS.Communication.newHost", "HMS.Communication.newHost\HMS.Communication.newHost.csproj", "{B86EF3FD-3AF8-44E2-B0B6-A6772F8D1F7F}"
EndProject
Project("{FAE04EC0-301F-11D3-BF4B-00C04F79EFBC}") = "HMS.CommBench", "HMS.CommBench\HMS.CommBench.csproj", "{80D9B90A-F1EA-42A3-8EE4-F5A954457BD4}"
EndProject
Project("{FAE04EC0-301F-11D3-BF4B-00C04F79EFBC}") = "HMS.Module.Lab.Tests", "HMS.Module.Lab.Tests\HMS.Module.Lab.Tests.csproj", "{A83FD1DB-7C57-4DED-A2FA-CA97A1062652}"
EndProject
Project("{FAE04EC0-301F-11D3-BF4B-00C04F79EFBC}") = "HMS.Communication.Tests", "HMS.Communication.Tests\HMS.Communication.Tests.csproj", "{087C7B0C-169D-41DD-B19D-6FAD04BB1E67}"
EndProject
Project("{FAE04EC0-301F-11D3-BF4B-00C04F79EFBC}") = "HMS.Realtime", "HMS.Realtime\HMS.Realtime.csproj", "{1894A297-EC57-415C-93B3-63D2F76A2954}"
EndProject
Global
	GlobalSection(SolutionConfigurationPlatforms) = preSolution
		Debug|Any CPU = Debug|Any CPU
		Release|Any CPU = Release|Any CPU
	EndGlobalSection
	GlobalSection(ProjectConfigurationPlatforms) = postSolution
		{CD2FEBF7-36C1-4285-B1EE-F3BCED622AA9}.Debug|Any CPU.ActiveCfg = Debug|Any CPU
		{CD2FEBF7-36C1-4285-B1EE-F3BCED622AA9}.Debug|Any CPU.Build.0 = Debug|Any CPU
		{CD2FEBF7-36C1-4285-B1EE-F3BCED622AA9}.Release|Any CPU.ActiveCfg = Release|Any CPU
		{CD2FEBF7-36C1-4285-B1EE-F3BCED622AA9}.Release|Any CPU.Build.0 = Release|Any CPU
		{66A83DB7-1CFD-40CC-B5A4-F79FF2F35C59}.Debug|Any CPU.ActiveCfg = Debug|Any CPU
		{66A83DB7-1CFD-40CC-B5A4-F79FF2F35C59}.Debug|Any CPU.Build.0 = Debug|Any CPU
		{66A83DB7-1CFD-40CC-B5A4-F79FF2F35C59}.Release|Any CPU.ActiveCfg = Release|Any CPU
		{66A83DB7-1CFD-40CC-B5A4-F79FF2F35C59}.Release|Any CPU.Build.0 = Release|Any CPU
		{047055C8-8E90-403D-94BE-D0AF36B1E4EB}.Debug|Any CPU.ActiveCfg = Debug|Any CPU
		{047055C8-8E90-403D-94BE-D0AF36B1E4EB}.Debug|Any CPU.Build.0 = Debug|Any CPU
		{047055C8-8E90-403D-94BE-D0AF36B1E4EB}.Release|Any CPU.ActiveCfg = Release|Any CPU
		{047055C8-8E90-403D-94BE-D0AF36B1E4EB}.Release|Any CPU.Build.0 = Release|Any CPU
		{C98AE723-0594-4373-A43D-9E68E1866553}.Debug|Any CPU.ActiveCfg = Debug|Any CPU
		{C98AE723-0594-4373-A43D-9E68E1866553}.Debug|Any CPU.Build.0 = Debug|Any CPU
		{C98AE723-0594-4373-A43D-9E68E1866553}.Release|Any CPU.ActiveCfg = Release|Any CPU
		{C98AE723-0594-4373-A43D-9E68E1866553}.Release|Any CPU.Build.0 = Release|Any CPU
		{6984EA79-BC49-49AC-AC26-25E966A534C4}.Debug|Any CPU.ActiveCfg = Debug|Any CPU
		{6984EA79-BC49-49AC-AC26-25E966A534C4}.Debug|Any CPU.Build.0 = Debug|Any CPU
		{6984EA79-BC49-49AC-AC26-25E966A534C4}.Release|Any CPU.ActiveCfg = Release|Any CPU
		{6984EA79-BC49-49AC-AC26-25E966A534C4}.Release|Any CPU.Build.0 = Release|Any CPU
		{04A4DA39-B292-4A09-8152-CE8B7E34F937}.Debug|Any CPU.ActiveCfg = Debug|Any CPU
		{04A4DA39-B292-4A09-8152-CE8B7E34F937}.Debug|Any CPU.Build.0 = Debug|Any CPU
		{04A4DA39-B292-4A09-8152-CE8B7E34F937}.Release|Any CPU.ActiveCfg = Release|Any CPU
		{04A4DA39-B292-4A09-8152-CE8B7E34F937}.Release|Any CPU.Build.0 = Release|Any CPU
		{553618A8-E113-445B-BCC7-F1501A321007}.Debug|Any CPU.ActiveCfg = Debug|Any CPU
		{553618A8-E113-445B-BCC7-F1501A321007}.Debug|Any CPU.Build.0 = Debug|Any CPU
		{553618A8-E113-445B-BCC7-F1501A321007}.Release|Any CPU.ActiveCfg = Release|Any CPU
		{553618A8-E113-445B-BCC7-F1501A321007}.Release|Any CPU.Build.0 = Release|Any CPU
		{DB86822E-3516-41BC-A3B6-AA9C5495EAF3}.Debug|Any CPU.ActiveCfg = Debug|Any CPU
		{DB86822E-3516-41BC-A3B6-AA9C5495EAF3}.Debug|Any CPU.Build.0 = Debug|Any CPU
		{DB86822E-3516-41BC-A3B6-AA9C5495EAF3}.Release|Any CPU.ActiveCfg = Release|Any CPU
		{DB86822E-3516-41BC-A3B6-AA9C5495EAF3}.Release|Any CPU.Build.0 = Release|Any CPU
		{8E4A2DDF-CA8F-41FF-BC4F-7BE4FEB55E50}.Debug|Any CPU.ActiveCfg = Debug|Any CPU
		{8E4A2DDF-CA8F-41FF-BC4F-7BE4FEB55E50}.Debug|Any CPU.Build.0 = Debug|Any CPU
		{8E4A2DDF-CA8F-41FF-BC4F-7BE4FEB55E50}.Release|Any CPU.ActiveCfg = Release|Any CPU
		{8E4A2DDF-CA8F-41FF-BC4F-7BE4FEB55E50}.Release|Any CPU.Build.0 = Release|Any CPU
		{929F6EBC-74BF-48C0-9282-BD98C5BCB558}.Debug|Any CPU.ActiveCfg = Debug|Any CPU
		{929F6EBC-74BF-48C0-9282-BD98C5BCB558}.Debug|Any CPU.Build.0 = Debug|Any CPU
		{929F6EBC-74BF-48C0-9282-BD98C5BCB558}.Release|Any CPU.ActiveCfg = Release|Any CPU
		{929F6EBC-74BF-48C0-9282-BD98C5BCB558}.Release|Any CPU.Build.0 = Release|Any CPU
		{7A02CA6D-9538-49BF-A11B-859BE28CBF10}.Debug|Any CPU.ActiveCfg = Debug|Any CPU
		{7A02CA6D-9538-49BF-A11B-859BE28CBF10}.Debug|Any CPU.Build.0 = Debug|Any CPU
		{7A02CA6D-9538-49BF-A11B-859BE28CBF10}.Release|Any CPU.ActiveCfg = Release|Any CPU
		{7A02CA6D-9538-49BF-A11B-859BE28CBF10}.Release|Any CPU.Build.0 = Release|Any CPU
		{18E78736-5CA1-4979-B527-D78C3E57B983}.Debug|Any CPU.ActiveCfg = Debug|Any CPU
		{18E78736-5CA1-4979-B527-D78C3E57B983}.Debug|Any CPU.Build.0 = Debug|Any CPU
		{18E78736-5CA1-4979-B527-D78C3E57B983}.Release|Any CPU.ActiveCfg = Release|Any CPU
		{18E78736-5CA1-4979-B527-D78C3E57B983}.Release|Any CPU.Build.0 = Release|Any CPU
		{293840AF-58E1-4FC5-B714-1F4833730ADB}.Debug|Any CPU.ActiveCfg = Debug|Any CPU
		{293840AF-58E1-4FC5-B714-1F4833730ADB}.Debug|Any CPU.Build.0 = Debug|Any CPU
		{293840AF-58E1-4FC5-B714-1F4833730ADB}.Release|Any CPU.ActiveCfg = Release|Any CPU
		{293840AF-58E1-4FC5-B714-1F4833730ADB}.Release|Any CPU.Build.0 = Release|Any CPU
		{FFED845E-45C5-496A-9358-9C61CBC88533}.Debug|Any CPU.ActiveCfg = Debug|Any CPU
		{FFED845E-45C5-496A-9358-9C61CBC88533}.Debug|Any CPU.Build.0 = Debug|Any CPU
		{FFED845E-45C5-496A-9358-9C61CBC88533}.Release|Any CPU.ActiveCfg = Release|Any CPU
		{FFED845E-45C5-496A-9358-9C61CBC88533}.Release|Any CPU.Build.0 = Release|Any CPU
		{B86EF3FD-3AF8-44E2-B0B6-A6772F8D1F7F}.Debug|Any CPU.ActiveCfg = Debug|Any CPU
		{B86EF3FD-3AF8-44E2-B0B6-A6772F8D1F7F}.Debug|Any CPU.Build.0 = Debug|Any CPU
		{B86EF3FD-3AF8-44E2-B0B6-A6772F8D1F7F}.Release|Any CPU.ActiveCfg = Release|Any CPU
		{B86EF3FD-3AF8-44E2-B0B6-A6772F8D1F7F}.Release|Any CPU.Build.0 = Release|Any CPU
		{80D9B90A-F1EA-42A3-8EE4-F5A954457BD4}.Debug|Any CPU.ActiveCfg = Debug|Any CPU
		{80D9B90A-F1EA-42A3-8EE4-F5A954457BD4}.Debug|Any CPU.Build.0 = Debug|Any CPU
		{80D9B90A-F1EA-42A3-8EE4-F5A954457BD4}.Release|Any CPU.ActiveCfg = Release|Any CPU
		{80D9B90A-F1EA-42A3-8EE4-F5A954457BD4}.Release|Any CPU.Build.0 = Release|Any CPU
		{A83FD1DB-7C57-4DED-A2FA-CA97A1062652}.Debug|Any CPU.ActiveCfg = Debug|Any CPU
		{A83FD1DB-7C57-4DED-A2FA-CA97A1062652}.Debug|Any CPU.Build.0 = Debug|Any CPU
		{A83FD1DB-7C57-4DED-A2FA-CA97A1062652}.Release|Any CPU.ActiveCfg = Release|Any CPU
		{A83FD1DB-7C57-4DED-A2FA-CA97A1062652}.Release|Any CPU.Build.0 = Release|Any CPU
		{087C7B0C-169D-41DD-B19D-6FAD04BB1E67}.Debug|Any CPU.ActiveCfg = Debug|Any CPU
		{087C7B0C-169D-41DD-B19D-6FAD04BB1E67}.Debug|Any CPU.Build.0 = Debug|Any CPU
		{087C7B0C-169D-41DD-B19D-6FAD04BB1E67}.Release|Any CPU.ActiveCfg = Release|Any CPU
		{087C7B0C-169D-41DD-B19D-6FAD04BB1E67}.Release|Any CPU.Build.0 = Release|Any CPU
		{1894A297-EC57-415C-93B3-63D2F76A2954}.Debug|Any CPU.ActiveCfg = Debug|Any CPU
		{1894A297-EC57-415C-93B3-63D2F76A2954}.Debug|Any CPU.Build.0 = Debug|Any CPU
		{1894A297-EC57-415C-93B3-63D2F76A2954}.Release|Any CPU.ActiveCfg = Release|Any CPU
		{1894A297-EC57-415C-93B3-63D2F76A2954}.Release|Any CPU.Build.0 = Release|Any CPU
	EndGlobalSection
	GlobalSection(SolutionProperties) = preSolution
		HideSolutionNode = FALSE
	EndGlobalSection
	GlobalSection(NestedProjects) = preSolution
		{CD2FEBF7-36C1-4285-B1EE-F3BCED622AA9} = {02EA681E-C7D8-13C7-8484-4AC65E1B71E8}
		{66A83DB7-1CFD-40CC-B5A4-F79FF2F35C59} = {02EA681E-C7D8-13C7-8484-4AC65E1B71E8}
		{047055C8-8E90-403D-94BE-D0AF36B1E4EB} = {02EA681E-C7D8-13C7-8484-4AC65E1B71E8}
		{C98AE723-0594-4373-A43D-9E68E1866553} = {02EA681E-C7D8-13C7-8484-4AC65E1B71E8}
		{6984EA79-BC49-49AC-AC26-25E966A534C4} = {02EA681E-C7D8-13C7-8484-4AC65E1B71E8}
		{04A4DA39-B292-4A09-8152-CE8B7E34F937} = {02EA681E-C7D8-13C7-8484-4AC65E1B71E8}
		{553618A8-E113-445B-BCC7-F1501A321007} = {02EA681E-C7D8-13C7-8484-4AC65E1B71E8}
		{DB86822E-3516-41BC-A3B6-AA9C5495EAF3} = {02EA681E-C7D8-13C7-8484-4AC65E1B71E8}
		{8E4A2DDF-CA8F-41FF-BC4F-7BE4FEB55E50} = {02EA681E-C7D8-13C7-8484-4AC65E1B71E8}
		{929F6EBC-74BF-48C0-9282-BD98C5BCB558} = {02EA681E-C7D8-13C7-8484-4AC65E1B71E8}
		{7A02CA6D-9538-49BF-A11B-859BE28CBF10} = {02EA681E-C7D8-13C7-8484-4AC65E1B71E8}
		{18E78736-5CA1-4979-B527-D78C3E57B983} = {02EA681E-C7D8-13C7-8484-4AC65E1B71E8}
		{293840AF-58E1-4FC5-B714-1F4833730ADB} = {02EA681E-C7D8-13C7-8484-4AC65E1B71E8}
		{FFED845E-45C5-496A-9358-9C61CBC88533} = {02EA681E-C7D8-13C7-8484-4AC65E1B71E8}
		{B86EF3FD-3AF8-44E2-B0B6-A6772F8D1F7F} = {02EA681E-C7D8-13C7-8484-4AC65E1B71E8}
		{80D9B90A-F1EA-42A3-8EE4-F5A954457BD4} = {02EA681E-C7D8-13C7-8484-4AC65E1B71E8}
		{A83FD1DB-7C57-4DED-A2FA-CA97A1062652} = {EC2E14A3-42E0-4840-AD06-F523318674A3}
		{087C7B0C-169D-41DD-B19D-6FAD04BB1E67} = {EC2E14A3-42E0-4840-AD06-F523318674A3}
		{1894A297-EC57-415C-93B3-63D2F76A2954} = {02EA681E-C7D8-13C7-8484-4AC65E1B71E8}
	EndGlobalSection
	GlobalSection(ExtensibilityGlobals) = postSolution
		SolutionGuid = {03C40C1F-0103-4E4B-9FDC-950B2EED742F}
	EndGlobalSection
EndGlobal
